PODS:
  - CenteredCollectionView (2.2.2)

DEPENDENCIES:
  - CenteredCollectionView (from `../`)

EXTERNAL SOURCES:
  CenteredCollectionView:
    :path: "../"

SPEC CHECKSUMS:
  CenteredCollectionView: a9217908a698c386cbb98af11b596da48900b908

PODFILE CHECKSUM: a5e398e5f46bd184487576641db9b99cf71f1d51

COCOAPODS: 1.10.1
